
Microsoft Visual Studio Solution File, Format Version 12.00
# Visual Studio 2012
Project("{FAE04EC0-301F-11D3-BF4B-00C04F79EFBC}") = "Rosen", "Rosen\Rosen.csproj", "{BB329376-D780-44FF-9CD9-0650B6E8E9C6}"
EndProject
Global
	GlobalSection(SolutionConfigurationPlatforms) = preSolution
		Debug|Any CPU = Debug|Any CPU
		Release|Any CPU = Release|Any CPU
	EndGlobalSection
	GlobalSection(ProjectConfigurationPlatforms) = postSolution
		{BB329376-D780-44FF-9CD9-0650B6E8E9C6}.Debug|Any CPU.ActiveCfg = Debug|Any CPU
		{BB329376-D780-44FF-9CD9-0650B6E8E9C6}.Debug|Any CPU.Build.0 = Debug|Any CPU
		{BB329376-D780-44FF-9CD9-0650B6E8E9C6}.Release|Any CPU.ActiveCfg = Release|Any CPU
		{BB329376-D780-44FF-9CD9-0650B6E8E9C6}.Release|Any CPU.Build.0 = Release|Any CPU
	EndGlobalSection
	GlobalSection(SolutionProperties) = preSolution
		HideSolutionNode = FALSE
	EndGlobalSection
EndGlobal
